
Microsoft Visual Studio Solution File, Format Version 12.00
# Visual Studio Version 17
VisualStudioVersion = 17.4.33205.214
MinimumVisualStudioVersion = 10.0.40219.1
Project("{FAE04EC0-301F-11D3-BF4B-00C04F79EFBC}") = "PiranhaEmulator", "PiranhaEmulator\PiranhaEmulator.csproj", "{4252A5A3-07A8-43E4-9D41-AF3644EDBED5}"
EndProject
Global
	GlobalSection(SolutionConfigurationPlatforms) = preSolution
		Debug|Any CPU = Debug|Any CPU
		Release|Any CPU = Release|Any CPU
	EndGlobalSection
	GlobalSection(ProjectConfigurationPlatforms) = postSolution
		{4252A5A3-07A8-43E4-9D41-AF3644EDBED5}.Debug|Any CPU.ActiveCfg = Debug|Any CPU
		{4252A5A3-07A8-43E4-9D41-AF3644EDBED5}.Debug|Any CPU.Build.0 = Debug|Any CPU
		{4252A5A3-07A8-43E4-9D41-AF3644EDBED5}.Release|Any CPU.ActiveCfg = Release|Any CPU
		{4252A5A3-07A8-43E4-9D41-AF3644EDBED5}.Release|Any CPU.Build.0 = Release|Any CPU
	EndGlobalSection
	GlobalSection(SolutionProperties) = preSolution
		HideSolutionNode = FALSE
	EndGlobalSection
	GlobalSection(ExtensibilityGlobals) = postSolution
		SolutionGuid = {F742DA41-677B-4C6F-BF43-FB5E4D757E45}
	EndGlobalSection
EndGlobal
